
Microsoft Visual Studio Solution File, Format Version 12.00
# Visual Studio 15
VisualStudioVersion = 15.0.25914.0
MinimumVisualStudioVersion = 10.0.40219.1
Project("{8BC9CEB8-8B4A-11D0-8D11-00A0C91BC942}") = "esercizio1", "esercizio1\esercizio1.vcxproj", "{F9886744-5C5A-4912-A097-70A9D066D7A0}"
EndProject
Project("{8BC9CEB8-8B4A-11D0-8D11-00A0C91BC942}") = "Esercizio2", "Esercizio2\Esercizio2.vcxproj", "{49BEA119-DC45-402E-970F-13C4870FD3BA}"
EndProject
Project("{8BC9CEB8-8B4A-11D0-8D11-00A0C91BC942}") = "Esercizio3", "Esercizio3\Esercizio3.vcxproj", "{A5A3DCD5-0B23-431C-B7B8-27F0FBF31CAE}"
EndProject
Project("{8BC9CEB8-8B4A-11D0-8D11-00A0C91BC942}") = "Esercizio4", "Esercizio4\Esercizio4.vcxproj", "{D6589F48-F277-4340-AB8B-923B6092BC33}"
EndProject
Project("{8BC9CEB8-8B4A-11D0-8D11-00A0C91BC942}") = "Esercizio5", "Esercizio5\Esercizio5.vcxproj", "{5072B5EE-6A2C-4585-81EF-A86D50EE2C54}"
EndProject
Project("{8BC9CEB8-8B4A-11D0-8D11-00A0C91BC942}") = "Esercizio6", "Esercizio6\Esercizio6.vcxproj", "{4CB6DA4B-A0C1-4096-AD37-21AD501B26E8}"
EndProject
Project("{8BC9CEB8-8B4A-11D0-8D11-00A0C91BC942}") = "Esercizio7", "Esercizio7\Esercizio7.vcxproj", "{4A47A8CA-807C-474F-B4AE-9A4E38B45FEA}"
EndProject
Project("{8BC9CEB8-8B4A-11D0-8D11-00A0C91BC942}") = "Esercizio8", "Esercizio8\Esercizio8.vcxproj", "{6E416BEF-5EC1-47D1-80BB-9D0C3135B35E}"
EndProject
Project("{8BC9CEB8-8B4A-11D0-8D11-00A0C91BC942}") = "Esercizio9", "Esercizio9\Esercizio9.vcxproj", "{BF94AAA1-33F1-4385-871D-5837B4871635}"
EndProject
Project("{8BC9CEB8-8B4A-11D0-8D11-00A0C91BC942}") = "AvventuraTestuale", "AvventuraTestuale\AvventuraTestuale.vcxproj", "{C2E3F180-B4B4-41B2-B796-7413D182DAAA}"
EndProject
Project("{8BC9CEB8-8B4A-11D0-8D11-00A0C91BC942}") = "MaddoLib", "MaddoLib\MaddoLib.vcxproj", "{BE812505-B2B6-4A6F-AD2F-D575C2DF6C6F}"
EndProject
Project("{8BC9CEB8-8B4A-11D0-8D11-00A0C91BC942}") = "TicTacToe", "TicTacToe\TicTacToe.vcxproj", "{5EA7B730-D53A-4F95-939B-ED36E449E1C6}"
EndProject
Global
	GlobalSection(SolutionConfigurationPlatforms) = preSolution
		Debug|x64 = Debug|x64
		Debug|x86 = Debug|x86
		Release|x64 = Release|x64
		Release|x86 = Release|x86
	EndGlobalSection
	GlobalSection(ProjectConfigurationPlatforms) = postSolution
		{F9886744-5C5A-4912-A097-70A9D066D7A0}.Debug|x64.ActiveCfg = Debug|x64
		{F9886744-5C5A-4912-A097-70A9D066D7A0}.Debug|x64.Build.0 = Debug|x64
		{F9886744-5C5A-4912-A097-70A9D066D7A0}.Debug|x86.ActiveCfg = Debug|Win32
		{F9886744-5C5A-4912-A097-70A9D066D7A0}.Debug|x86.Build.0 = Debug|Win32
		{F9886744-5C5A-4912-A097-70A9D066D7A0}.Release|x64.ActiveCfg = Release|x64
		{F9886744-5C5A-4912-A097-70A9D066D7A0}.Release|x64.Build.0 = Release|x64
		{F9886744-5C5A-4912-A097-70A9D066D7A0}.Release|x86.ActiveCfg = Release|Win32
		{F9886744-5C5A-4912-A097-70A9D066D7A0}.Release|x86.Build.0 = Release|Win32
		{49BEA119-DC45-402E-970F-13C4870FD3BA}.Debug|x64.ActiveCfg = Debug|x64
		{49BEA119-DC45-402E-970F-13C4870FD3BA}.Debug|x64.Build.0 = Debug|x64
		{49BEA119-DC45-402E-970F-13C4870FD3BA}.Debug|x86.ActiveCfg = Debug|Win32
		{49BEA119-DC45-402E-970F-13C4870FD3BA}.Debug|x86.Build.0 = Debug|Win32
		{49BEA119-DC45-402E-970F-13C4870FD3BA}.Release|x64.ActiveCfg = Release|x64
		{49BEA119-DC45-402E-970F-13C4870FD3BA}.Release|x64.Build.0 = Release|x64
		{49BEA119-DC45-402E-970F-13C4870FD3BA}.Release|x86.ActiveCfg = Release|Win32
		{49BEA119-DC45-402E-970F-13C4870FD3BA}.Release|x86.Build.0 = Release|Win32
		{A5A3DCD5-0B23-431C-B7B8-27F0FBF31CAE}.Debug|x64.ActiveCfg = Debug|x64
		{A5A3DCD5-0B23-431C-B7B8-27F0FBF31CAE}.Debug|x64.Build.0 = Debug|x64
		{A5A3DCD5-0B23-431C-B7B8-27F0FBF31CAE}.Debug|x86.ActiveCfg = Debug|Win32
		{A5A3DCD5-0B23-431C-B7B8-27F0FBF31CAE}.Debug|x86.Build.0 = Debug|Win32
		{A5A3DCD5-0B23-431C-B7B8-27F0FBF31CAE}.Release|x64.ActiveCfg = Release|x64
		{A5A3DCD5-0B23-431C-B7B8-27F0FBF31CAE}.Release|x64.Build.0 = Release|x64
		{A5A3DCD5-0B23-431C-B7B8-27F0FBF31CAE}.Release|x86.ActiveCfg = Release|Win32
		{A5A3DCD5-0B23-431C-B7B8-27F0FBF31CAE}.Release|x86.Build.0 = Release|Win32
		{D6589F48-F277-4340-AB8B-923B6092BC33}.Debug|x64.ActiveCfg = Debug|x64
		{D6589F48-F277-4340-AB8B-923B6092BC33}.Debug|x64.Build.0 = Debug|x64
		{D6589F48-F277-4340-AB8B-923B6092BC33}.Debug|x86.ActiveCfg = Debug|Win32
		{D6589F48-F277-4340-AB8B-923B6092BC33}.Debug|x86.Build.0 = Debug|Win32
		{D6589F48-F277-4340-AB8B-923B6092BC33}.Release|x64.ActiveCfg = Release|x64
		{D6589F48-F277-4340-AB8B-923B6092BC33}.Release|x64.Build.0 = Release|x64
		{D6589F48-F277-4340-AB8B-923B6092BC33}.Release|x86.ActiveCfg = Release|Win32
		{D6589F48-F277-4340-AB8B-923B6092BC33}.Release|x86.Build.0 = Release|Win32
		{5072B5EE-6A2C-4585-81EF-A86D50EE2C54}.Debug|x64.ActiveCfg = Debug|x64
		{5072B5EE-6A2C-4585-81EF-A86D50EE2C54}.Debug|x64.Build.0 = Debug|x64
		{5072B5EE-6A2C-4585-81EF-A86D50EE2C54}.Debug|x86.ActiveCfg = Debug|Win32
		{5072B5EE-6A2C-4585-81EF-A86D50EE2C54}.Debug|x86.Build.0 = Debug|Win32
		{5072B5EE-6A2C-4585-81EF-A86D50EE2C54}.Release|x64.ActiveCfg = Release|x64
		{5072B5EE-6A2C-4585-81EF-A86D50EE2C54}.Release|x64.Build.0 = Release|x64
		{5072B5EE-6A2C-4585-81EF-A86D50EE2C54}.Release|x86.ActiveCfg = Release|Win32
		{5072B5EE-6A2C-4585-81EF-A86D50EE2C54}.Release|x86.Build.0 = Release|Win32
		{4CB6DA4B-A0C1-4096-AD37-21AD501B26E8}.Debug|x64.ActiveCfg = Debug|x64
		{4CB6DA4B-A0C1-4096-AD37-21AD501B26E8}.Debug|x64.Build.0 = Debug|x64
		{4CB6DA4B-A0C1-4096-AD37-21AD501B26E8}.Debug|x86.ActiveCfg = Debug|Win32
		{4CB6DA4B-A0C1-4096-AD37-21AD501B26E8}.Debug|x86.Build.0 = Debug|Win32
		{4CB6DA4B-A0C1-4096-AD37-21AD501B26E8}.Release|x64.ActiveCfg = Release|x64
		{4CB6DA4B-A0C1-4096-AD37-21AD501B26E8}.Release|x64.Build.0 = Release|x64
		{4CB6DA4B-A0C1-4096-AD37-21AD501B26E8}.Release|x86.ActiveCfg = Release|Win32
		{4CB6DA4B-A0C1-4096-AD37-21AD501B26E8}.Release|x86.Build.0 = Release|Win32
		{4A47A8CA-807C-474F-B4AE-9A4E38B45FEA}.Debug|x64.ActiveCfg = Debug|x64
		{4A47A8CA-807C-474F-B4AE-9A4E38B45FEA}.Debug|x64.Build.0 = Debug|x64
		{4A47A8CA-807C-474F-B4AE-9A4E38B45FEA}.Debug|x86.ActiveCfg = Debug|Win32
		{4A47A8CA-807C-474F-B4AE-9A4E38B45FEA}.Debug|x86.Build.0 = Debug|Win32
		{4A47A8CA-807C-474F-B4AE-9A4E38B45FEA}.Release|x64.ActiveCfg = Release|x64
		{4A47A8CA-807C-474F-B4AE-9A4E38B45FEA}.Release|x64.Build.0 = Release|x64
		{4A47A8CA-807C-474F-B4AE-9A4E38B45FEA}.Release|x86.ActiveCfg = Release|Win32
		{4A47A8CA-807C-474F-B4AE-9A4E38B45FEA}.Release|x86.Build.0 = Release|Win32
		{6E416BEF-5EC1-47D1-80BB-9D0C3135B35E}.Debug|x64.ActiveCfg = Debug|x64
		{6E416BEF-5EC1-47D1-80BB-9D0C3135B35E}.Debug|x64.Build.0 = Debug|x64
		{6E416BEF-5EC1-47D1-80BB-9D0C3135B35E}.Debug|x86.ActiveCfg = Debug|Win32
		{6E416BEF-5EC1-47D1-80BB-9D0C3135B35E}.Debug|x86.Build.0 = Debug|Win32
		{6E416BEF-5EC1-47D1-80BB-9D0C3135B35E}.Release|x64.ActiveCfg = Release|x64
		{6E416BEF-5EC1-47D1-80BB-9D0C3135B35E}.Release|x64.Build.0 = Release|x64
		{6E416BEF-5EC1-47D1-80BB-9D0C3135B35E}.Release|x86.ActiveCfg = Release|Win32
		{6E416BEF-5EC1-47D1-80BB-9D0C3135B35E}.Release|x86.Build.0 = Release|Win32
		{BF94AAA1-33F1-4385-871D-5837B4871635}.Debug|x64.ActiveCfg = Debug|x64
		{BF94AAA1-33F1-4385-871D-5837B4871635}.Debug|x64.Build.0 = Debug|x64
		{BF94AAA1-33F1-4385-871D-5837B4871635}.Debug|x86.ActiveCfg = Debug|Win32
		{BF94AAA1-33F1-4385-871D-5837B4871635}.Debug|x86.Build.0 = Debug|Win32
		{BF94AAA1-33F1-4385-871D-5837B4871635}.Release|x64.ActiveCfg = Release|x64
		{BF94AAA1-33F1-4385-871D-5837B4871635}.Release|x64.Build.0 = Release|x64
		{BF94AAA1-33F1-4385-871D-5837B4871635}.Release|x86.ActiveCfg = Release|Win32
		{BF94AAA1-33F1-4385-871D-5837B4871635}.Release|x86.Build.0 = Release|Win32
		{C2E3F180-B4B4-41B2-B796-7413D182DAAA}.Debug|x64.ActiveCfg = Debug|x64
		{C2E3F180-B4B4-41B2-B796-7413D182DAAA}.Debug|x64.Build.0 = Debug|x64
		{C2E3F180-B4B4-41B2-B796-7413D182DAAA}.Debug|x86.ActiveCfg = Debug|Win32
		{C2E3F180-B4B4-41B2-B796-7413D182DAAA}.Debug|x86.Build.0 = Debug|Win32
		{C2E3F180-B4B4-41B2-B796-7413D182DAAA}.Release|x64.ActiveCfg = Release|x64
		{C2E3F180-B4B4-41B2-B796-7413D182DAAA}.Release|x64.Build.0 = Release|x64
		{C2E3F180-B4B4-41B2-B796-7413D182DAAA}.Release|x86.ActiveCfg = Release|Win32
		{C2E3F180-B4B4-41B2-B796-7413D182DAAA}.Release|x86.Build.0 = Release|Win32
		{BE812505-B2B6-4A6F-AD2F-D575C2DF6C6F}.Debug|x64.ActiveCfg = Debug|x64
		{BE812505-B2B6-4A6F-AD2F-D575C2DF6C6F}.Debug|x64.Build.0 = Debug|x64
		{BE812505-B2B6-4A6F-AD2F-D575C2DF6C6F}.Debug|x86.ActiveCfg = Debug|Win32
		{BE812505-B2B6-4A6F-AD2F-D575C2DF6C6F}.Debug|x86.Build.0 = Debug|Win32
		{BE812505-B2B6-4A6F-AD2F-D575C2DF6C6F}.Release|x64.ActiveCfg = Release|x64
		{BE812505-B2B6-4A6F-AD2F-D575C2DF6C6F}.Release|x64.Build.0 = Release|x64
		{BE812505-B2B6-4A6F-AD2F-D575C2DF6C6F}.Release|x86.ActiveCfg = Release|Win32
		{BE812505-B2B6-4A6F-AD2F-D575C2DF6C6F}.Release|x86.Build.0 = Release|Win32
		{5EA7B730-D53A-4F95-939B-ED36E449E1C6}.Debug|x64.ActiveCfg = Debug|x64
		{5EA7B730-D53A-4F95-939B-ED36E449E1C6}.Debug|x64.Build.0 = Debug|x64
		{5EA7B730-D53A-4F95-939B-ED36E449E1C6}.Debug|x86.ActiveCfg = Debug|Win32
		{5EA7B730-D53A-4F95-939B-ED36E449E1C6}.Debug|x86.Build.0 = Debug|Win32
		{5EA7B730-D53A-4F95-939B-ED36E449E1C6}.Release|x64.ActiveCfg = Release|x64
		{5EA7B730-D53A-4F95-939B-ED36E449E1C6}.Release|x64.Build.0 = Release|x64
		{5EA7B730-D53A-4F95-939B-ED36E449E1C6}.Release|x86.ActiveCfg = Release|Win32
		{5EA7B730-D53A-4F95-939B-ED36E449E1C6}.Release|x86.Build.0 = Release|Win32
	EndGlobalSection
	GlobalSection(SolutionProperties) = preSolution
		HideSolutionNode = FALSE
	EndGlobalSection
EndGlobal
